
Microsoft Visual Studio Solution File, Format Version 12.00
# Visual Studio Version 17
VisualStudioVersion = 17.0.31903.59
MinimumVisualStudioVersion = 10.0.40219.1
Project("{9A19103F-16F7-4668-BE54-9A1E7A4F7556}") = "WebAPI", "WebAPI\WebAPI.csproj", "{FB3CCD2E-6B1A-4DF7-B1F7-ACB0DD4AD83C}"
EndProject
Project("{9A19103F-16F7-4668-BE54-9A1E7A4F7556}") = "WebApp", "WebApp\WebApp.csproj", "{4AF85F5C-C6AD-4307-9AF8-34C5E3018BB5}"
EndProject
Project("{FAE04EC0-301F-11D3-BF4B-00C04F79EFBC}") = "ClassLibrary1", "ClassLibrary1\ClassLibrary1.csproj", "{625C03BE-9972-4668-AB68-13CD045334F6}"
EndProject
Project("{FAE04EC0-301F-11D3-BF4B-00C04F79EFBC}") = "ClassLibrary2", "ClassLibrary2\ClassLibrary2.csproj", "{B9588BBF-C6F1-4126-9707-2ED8611AF639}"
EndProject
Global
	GlobalSection(SolutionConfigurationPlatforms) = preSolution
		Debug|Any CPU = Debug|Any CPU
		Release|Any CPU = Release|Any CPU
	EndGlobalSection
	GlobalSection(ProjectConfigurationPlatforms) = postSolution
		{FB3CCD2E-6B1A-4DF7-B1F7-ACB0DD4AD83C}.Debug|Any CPU.ActiveCfg = Debug|Any CPU
		{FB3CCD2E-6B1A-4DF7-B1F7-ACB0DD4AD83C}.Debug|Any CPU.Build.0 = Debug|Any CPU
		{FB3CCD2E-6B1A-4DF7-B1F7-ACB0DD4AD83C}.Release|Any CPU.ActiveCfg = Release|Any CPU
		{FB3CCD2E-6B1A-4DF7-B1F7-ACB0DD4AD83C}.Release|Any CPU.Build.0 = Release|Any CPU
		{4AF85F5C-C6AD-4307-9AF8-34C5E3018BB5}.Debug|Any CPU.ActiveCfg = Debug|Any CPU
		{4AF85F5C-C6AD-4307-9AF8-34C5E3018BB5}.Debug|Any CPU.Build.0 = Debug|Any CPU
		{4AF85F5C-C6AD-4307-9AF8-34C5E3018BB5}.Release|Any CPU.ActiveCfg = Release|Any CPU
		{4AF85F5C-C6AD-4307-9AF8-34C5E3018BB5}.Release|Any CPU.Build.0 = Release|Any CPU
		{625C03BE-9972-4668-AB68-13CD045334F6}.Debug|Any CPU.ActiveCfg = Debug|Any CPU
		{625C03BE-9972-4668-AB68-13CD045334F6}.Debug|Any CPU.Build.0 = Debug|Any CPU
		{625C03BE-9972-4668-AB68-13CD045334F6}.Release|Any CPU.ActiveCfg = Release|Any CPU
		{625C03BE-9972-4668-AB68-13CD045334F6}.Release|Any CPU.Build.0 = Release|Any CPU
		{B9588BBF-C6F1-4126-9707-2ED8611AF639}.Debug|Any CPU.ActiveCfg = Debug|Any CPU
		{B9588BBF-C6F1-4126-9707-2ED8611AF639}.Debug|Any CPU.Build.0 = Debug|Any CPU
		{B9588BBF-C6F1-4126-9707-2ED8611AF639}.Release|Any CPU.ActiveCfg = Release|Any CPU
		{B9588BBF-C6F1-4126-9707-2ED8611AF639}.Release|Any CPU.Build.0 = Release|Any CPU
	EndGlobalSection
	GlobalSection(SolutionProperties) = preSolution
		HideSolutionNode = FALSE
	EndGlobalSection
	GlobalSection(ExtensibilityGlobals) = postSolution
		SolutionGuid = {B0CEF0A8-405B-497E-8891-9DCC8017EFB1}
	EndGlobalSection
EndGlobal
